# This file was autogenerated by Stack.
# You should not edit this file by hand.
# For more information, please see the documentation at:
#   https://docs.haskellstack.org/en/stable/lock_files

packages:
- completed:
    hackage: repr-tree-syb-0.1.1@sha256:b3af0d338ab5273ebfc993ab1a3b10a36febffdfad474fb6ae7c2ab1fdb49702,1100
    pantry-tree:
      size: 213
      sha256: 9a20743b457ff2e3e1ce98881480f8353b7837c66352cf55c1edd2a8dac97fd4
  original:
    hackage: repr-tree-syb-0.1.1@sha256:b3af0d338ab5273ebfc993ab1a3b10a36febffdfad474fb6ae7c2ab1fdb49702,1100
snapshots:
- completed:
    size: 567677
    url: https://raw.githubusercontent.com/commercialhaskell/stackage-snapshots/master/lts/17/14.yaml
    sha256: 3740f22286bf5e6e3d82f88125e1c708b6e27847211f956b530aa5d83cf39383
  original: lts-17.14
